// !$*UTF8*$!
{
	archiveVersion = 1;
	classes = {
	};
	objectVersion = 56;
	objects = {

/* Begin PBXBuildFile section */
		AA000001 /* PediatricToolsApp.swift in Sources */ = {isa = PBXBuildFile; fileRef = AB000001 /* PediatricToolsApp.swift */; };
		AA400001 /* AppDelegate.swift in Sources */ = {isa = PBXBuildFile; fileRef = AB400001 /* AppDelegate.swift */; };
		AA000002 /* BallardScore.swift in Sources */ = {isa = PBXBuildFile; fileRef = AB000002 /* BallardScore.swift */; };
		AA000003 /* HomeView.swift in Sources */ = {isa = PBXBuildFile; fileRef = AB000003 /* HomeView.swift */; };
		AA000004 /* BallardScoreView.swift in Sources */ = {isa = PBXBuildFile; fileRef = AB000004 /* BallardScoreView.swift */; };
		AA000005 /* BallardCriterionRow.swift in Sources */ = {isa = PBXBuildFile; fileRef = AB000005 /* BallardCriterionRow.swift */; };
		AA000006 /* BallardResultView.swift in Sources */ = {isa = PBXBuildFile; fileRef = AB000006 /* BallardResultView.swift */; };
		AA000007 /* Assets.xcassets in Resources */ = {isa = PBXBuildFile; fileRef = AB000007 /* Assets.xcassets */; };
		AA000008 /* Localizable.xcstrings in Resources */ = {isa = PBXBuildFile; fileRef = AB000008 /* Localizable.xcstrings */; };
		AA100001 /* PediatricDosage.swift in Sources */ = {isa = PBXBuildFile; fileRef = AB100001 /* PediatricDosage.swift */; };
		AA100002 /* HollidaySegar.swift in Sources */ = {isa = PBXBuildFile; fileRef = AB100002 /* HollidaySegar.swift */; };
		AA100003 /* BSACalculator.swift in Sources */ = {isa = PBXBuildFile; fileRef = AB100003 /* BSACalculator.swift */; };
		AA100004 /* CorrectedAgeCalculator.swift in Sources */ = {isa = PBXBuildFile; fileRef = AB100004 /* CorrectedAgeCalculator.swift */; };
		AA100005 /* ApgarScore.swift in Sources */ = {isa = PBXBuildFile; fileRef = AB100005 /* ApgarScore.swift */; };
		AA100006 /* PEWSScore.swift in Sources */ = {isa = PBXBuildFile; fileRef = AB100006 /* PEWSScore.swift */; };
		AA100007 /* GrowthPercentile.swift in Sources */ = {isa = PBXBuildFile; fileRef = AB100007 /* GrowthPercentile.swift */; };
		AA100008 /* DehydrationCalculator.swift in Sources */ = {isa = PBXBuildFile; fileRef = AB100008 /* DehydrationCalculator.swift */; };
		AA100009 /* FENaCalculator.swift in Sources */ = {isa = PBXBuildFile; fileRef = AB100009 /* FENaCalculator.swift */; };
		AA100010 /* ETTCalculator.swift in Sources */ = {isa = PBXBuildFile; fileRef = AB100010 /* ETTCalculator.swift */; };
		AA200001 /* NumberInputRow.swift in Sources */ = {isa = PBXBuildFile; fileRef = AB200001 /* NumberInputRow.swift */; };
		AA200002 /* ScoreSelectorRow.swift in Sources */ = {isa = PBXBuildFile; fileRef = AB200002 /* ScoreSelectorRow.swift */; };
		AA200003 /* ResultBar.swift in Sources */ = {isa = PBXBuildFile; fileRef = AB200003 /* ResultBar.swift */; };
		AA300001 /* DosageView.swift in Sources */ = {isa = PBXBuildFile; fileRef = AB300001 /* DosageView.swift */; };
		AA300002 /* IVFluidView.swift in Sources */ = {isa = PBXBuildFile; fileRef = AB300002 /* IVFluidView.swift */; };
		AA300003 /* BSAView.swift in Sources */ = {isa = PBXBuildFile; fileRef = AB300003 /* BSAView.swift */; };
		AA300004 /* CorrectedAgeView.swift in Sources */ = {isa = PBXBuildFile; fileRef = AB300004 /* CorrectedAgeView.swift */; };
		AA300005 /* ApgarScoreView.swift in Sources */ = {isa = PBXBuildFile; fileRef = AB300005 /* ApgarScoreView.swift */; };
		AA300006 /* PEWSScoreView.swift in Sources */ = {isa = PBXBuildFile; fileRef = AB300006 /* PEWSScoreView.swift */; };
		AA300007 /* GrowthPercentileView.swift in Sources */ = {isa = PBXBuildFile; fileRef = AB300007 /* GrowthPercentileView.swift */; };
		AA300008 /* DehydrationView.swift in Sources */ = {isa = PBXBuildFile; fileRef = AB300008 /* DehydrationView.swift */; };
		AA300009 /* FENaView.swift in Sources */ = {isa = PBXBuildFile; fileRef = AB300009 /* FENaView.swift */; };
		AA300010 /* ETTView.swift in Sources */ = {isa = PBXBuildFile; fileRef = AB300010 /* ETTView.swift */; };
		AA300011 /* SettingsView.swift in Sources */ = {isa = PBXBuildFile; fileRef = AB300011 /* SettingsView.swift */; };
		AA300012 /* AboutView.swift in Sources */ = {isa = PBXBuildFile; fileRef = AB300012 /* AboutView.swift */; };
		CC000001 /* BallardScoreTests.swift in Sources */ = {isa = PBXBuildFile; fileRef = CD000001 /* BallardScoreTests.swift */; };
		CC000002 /* ApgarScoreTests.swift in Sources */ = {isa = PBXBuildFile; fileRef = CD000002 /* ApgarScoreTests.swift */; };
		CC000003 /* PEWSScoreTests.swift in Sources */ = {isa = PBXBuildFile; fileRef = CD000003 /* PEWSScoreTests.swift */; };
		CC000004 /* HollidaySegarTests.swift in Sources */ = {isa = PBXBuildFile; fileRef = CD000004 /* HollidaySegarTests.swift */; };
		CC000005 /* BSACalculatorTests.swift in Sources */ = {isa = PBXBuildFile; fileRef = CD000005 /* BSACalculatorTests.swift */; };
		CC000006 /* CorrectedAgeTests.swift in Sources */ = {isa = PBXBuildFile; fileRef = CD000006 /* CorrectedAgeTests.swift */; };
		CC000007 /* DehydrationTests.swift in Sources */ = {isa = PBXBuildFile; fileRef = CD000007 /* DehydrationTests.swift */; };
		CC000008 /* FENaTests.swift in Sources */ = {isa = PBXBuildFile; fileRef = CD000008 /* FENaTests.swift */; };
		CC000009 /* ETTTests.swift in Sources */ = {isa = PBXBuildFile; fileRef = CD000009 /* ETTTests.swift */; };
		CC000010 /* GrowthPercentileTests.swift in Sources */ = {isa = PBXBuildFile; fileRef = CD000010 /* GrowthPercentileTests.swift */; };
		CC000011 /* PediatricDosageTests.swift in Sources */ = {isa = PBXBuildFile; fileRef = CD000011 /* PediatricDosageTests.swift */; };
		DC000001 /* ScreenshotTestCase.swift in Sources */ = {isa = PBXBuildFile; fileRef = DD000001 /* ScreenshotTestCase.swift */; };
		DC000002 /* HomeScreenshots.swift in Sources */ = {isa = PBXBuildFile; fileRef = DD000002 /* HomeScreenshots.swift */; };
		DC000003 /* BallardScreenshots.swift in Sources */ = {isa = PBXBuildFile; fileRef = DD000003 /* BallardScreenshots.swift */; };
		DC000004 /* ApgarScreenshots.swift in Sources */ = {isa = PBXBuildFile; fileRef = DD000004 /* ApgarScreenshots.swift */; };
		DC000005 /* PEWSScreenshots.swift in Sources */ = {isa = PBXBuildFile; fileRef = DD000005 /* PEWSScreenshots.swift */; };
		DC000006 /* DosageScreenshots.swift in Sources */ = {isa = PBXBuildFile; fileRef = DD000006 /* DosageScreenshots.swift */; };
		DC000007 /* IVFluidScreenshots.swift in Sources */ = {isa = PBXBuildFile; fileRef = DD000007 /* IVFluidScreenshots.swift */; };
		DC000008 /* BSAScreenshots.swift in Sources */ = {isa = PBXBuildFile; fileRef = DD000008 /* BSAScreenshots.swift */; };
		DC000009 /* CorrectedAgeScreenshots.swift in Sources */ = {isa = PBXBuildFile; fileRef = DD000009 /* CorrectedAgeScreenshots.swift */; };
		DC000010 /* GrowthScreenshots.swift in Sources */ = {isa = PBXBuildFile; fileRef = DD000010 /* GrowthScreenshots.swift */; };
		DC000011 /* DehydrationScreenshots.swift in Sources */ = {isa = PBXBuildFile; fileRef = DD000011 /* DehydrationScreenshots.swift */; };
		DC000012 /* FENaScreenshots.swift in Sources */ = {isa = PBXBuildFile; fileRef = DD000012 /* FENaScreenshots.swift */; };
		DC000013 /* ETTScreenshots.swift in Sources */ = {isa = PBXBuildFile; fileRef = DD000013 /* ETTScreenshots.swift */; };
		DC000014 /* SettingsScreenshots.swift in Sources */ = {isa = PBXBuildFile; fileRef = DD000014 /* SettingsScreenshots.swift */; };
		CC000012 /* AppDelegateTests.swift in Sources */ = {isa = PBXBuildFile; fileRef = CD000012 /* AppDelegateTests.swift */; };
		AA100011 /* TipJarManager.swift in Sources */ = {isa = PBXBuildFile; fileRef = AB100011 /* TipJarManager.swift */; };
		AA300013 /* TipJarView.swift in Sources */ = {isa = PBXBuildFile; fileRef = AB300013 /* TipJarView.swift */; };
		AA500001 /* TipJar.storekit in Resources */ = {isa = PBXBuildFile; fileRef = AB500001 /* TipJar.storekit */; };
		AA100012 /* FLACCScore.swift in Sources */ = {isa = PBXBuildFile; fileRef = AB100012 /* FLACCScore.swift */; };
		AA100013 /* GlasgowComaScale.swift in Sources */ = {isa = PBXBuildFile; fileRef = AB100013 /* GlasgowComaScale.swift */; };
		AA100014 /* SchwartzGFR.swift in Sources */ = {isa = PBXBuildFile; fileRef = AB100014 /* SchwartzGFR.swift */; };
		AA100015 /* QTcCalculator.swift in Sources */ = {isa = PBXBuildFile; fileRef = AB100015 /* QTcCalculator.swift */; };
		AA100016 /* PRAMScore.swift in Sources */ = {isa = PBXBuildFile; fileRef = AB100016 /* PRAMScore.swift */; };
		AA100017 /* BPPercentile.swift in Sources */ = {isa = PBXBuildFile; fileRef = AB100017 /* BPPercentile.swift */; };
		AA100018 /* BilirubinCalculator.swift in Sources */ = {isa = PBXBuildFile; fileRef = AB100018 /* BilirubinCalculator.swift */; };
		AA100019 /* PECARNRule.swift in Sources */ = {isa = PBXBuildFile; fileRef = AB100019 /* PECARNRule.swift */; };
		AA100020 /* PhoenixSepsis.swift in Sources */ = {isa = PBXBuildFile; fileRef = AB100020 /* PhoenixSepsis.swift */; };
		AA300014 /* FLACCScoreView.swift in Sources */ = {isa = PBXBuildFile; fileRef = AB300014 /* FLACCScoreView.swift */; };
		AA300015 /* GCSView.swift in Sources */ = {isa = PBXBuildFile; fileRef = AB300015 /* GCSView.swift */; };
		AA300016 /* GFRView.swift in Sources */ = {isa = PBXBuildFile; fileRef = AB300016 /* GFRView.swift */; };
		AA300017 /* QTcView.swift in Sources */ = {isa = PBXBuildFile; fileRef = AB300017 /* QTcView.swift */; };
		AA300018 /* PRAMScoreView.swift in Sources */ = {isa = PBXBuildFile; fileRef = AB300018 /* PRAMScoreView.swift */; };
		AA300019 /* BPView.swift in Sources */ = {isa = PBXBuildFile; fileRef = AB300019 /* BPView.swift */; };
		AA300020 /* BilirubinView.swift in Sources */ = {isa = PBXBuildFile; fileRef = AB300020 /* BilirubinView.swift */; };
		AA300021 /* PECARNView.swift in Sources */ = {isa = PBXBuildFile; fileRef = AB300021 /* PECARNView.swift */; };
		AA300022 /* PhoenixSepsisView.swift in Sources */ = {isa = PBXBuildFile; fileRef = AB300022 /* PhoenixSepsisView.swift */; };
		CC000013 /* FLACCScoreTests.swift in Sources */ = {isa = PBXBuildFile; fileRef = CD000013 /* FLACCScoreTests.swift */; };
		CC000014 /* GCSTests.swift in Sources */ = {isa = PBXBuildFile; fileRef = CD000014 /* GCSTests.swift */; };
		CC000015 /* SchwartzGFRTests.swift in Sources */ = {isa = PBXBuildFile; fileRef = CD000015 /* SchwartzGFRTests.swift */; };
		CC000016 /* QTcCalculatorTests.swift in Sources */ = {isa = PBXBuildFile; fileRef = CD000016 /* QTcCalculatorTests.swift */; };
		CC000017 /* PRAMScoreTests.swift in Sources */ = {isa = PBXBuildFile; fileRef = CD000017 /* PRAMScoreTests.swift */; };
		CC000018 /* BPPercentileTests.swift in Sources */ = {isa = PBXBuildFile; fileRef = CD000018 /* BPPercentileTests.swift */; };
		CC000019 /* BilirubinTests.swift in Sources */ = {isa = PBXBuildFile; fileRef = CD000019 /* BilirubinTests.swift */; };
		CC000020 /* PECARNTests.swift in Sources */ = {isa = PBXBuildFile; fileRef = CD000020 /* PECARNTests.swift */; };
		CC000021 /* PhoenixSepsisTests.swift in Sources */ = {isa = PBXBuildFile; fileRef = CD000021 /* PhoenixSepsisTests.swift */; };
		DC000015 /* FLACCScreenshots.swift in Sources */ = {isa = PBXBuildFile; fileRef = DD000015 /* FLACCScreenshots.swift */; };
		DC000016 /* GCSScreenshots.swift in Sources */ = {isa = PBXBuildFile; fileRef = DD000016 /* GCSScreenshots.swift */; };
		DC000017 /* GFRScreenshots.swift in Sources */ = {isa = PBXBuildFile; fileRef = DD000017 /* GFRScreenshots.swift */; };
		DC000018 /* QTcScreenshots.swift in Sources */ = {isa = PBXBuildFile; fileRef = DD000018 /* QTcScreenshots.swift */; };
		DC000019 /* PRAMScreenshots.swift in Sources */ = {isa = PBXBuildFile; fileRef = DD000019 /* PRAMScreenshots.swift */; };
		DC000020 /* BPScreenshots.swift in Sources */ = {isa = PBXBuildFile; fileRef = DD000020 /* BPScreenshots.swift */; };
		DC000021 /* BilirubinScreenshots.swift in Sources */ = {isa = PBXBuildFile; fileRef = DD000021 /* BilirubinScreenshots.swift */; };
		DC000022 /* PECARNScreenshots.swift in Sources */ = {isa = PBXBuildFile; fileRef = DD000022 /* PECARNScreenshots.swift */; };
		DC000023 /* PhoenixScreenshots.swift in Sources */ = {isa = PBXBuildFile; fileRef = DD000023 /* PhoenixScreenshots.swift */; };
		AA600001 /* PrivacyInfo.xcprivacy in Resources */ = {isa = PBXBuildFile; fileRef = AB600001 /* PrivacyInfo.xcprivacy */; };
/* End PBXBuildFile section */

/* Begin PBXContainerItemProxy section */
		CN000001 /* PBXContainerItemProxy */ = {
			isa = PBXContainerItemProxy;
			containerPortal = AI000001 /* Project object */;
			proxyType = 1;
			remoteGlobalIDString = AF000001;
			remoteInfo = PediatricTools;
		};
		DN000001 /* PBXContainerItemProxy */ = {
			isa = PBXContainerItemProxy;
			containerPortal = AI000001 /* Project object */;
			proxyType = 1;
			remoteGlobalIDString = AF000001;
			remoteInfo = PediatricTools;
		};
/* End PBXContainerItemProxy section */

/* Begin PBXFileReference section */
		AB000001 /* PediatricToolsApp.swift */ = {isa = PBXFileReference; lastKnownFileType = sourcecode.swift; path = PediatricToolsApp.swift; sourceTree = "<group>"; };
		AB400001 /* AppDelegate.swift */ = {isa = PBXFileReference; lastKnownFileType = sourcecode.swift; path = AppDelegate.swift; sourceTree = "<group>"; };
		AB000002 /* BallardScore.swift */ = {isa = PBXFileReference; lastKnownFileType = sourcecode.swift; path = BallardScore.swift; sourceTree = "<group>"; };
		AB000003 /* HomeView.swift */ = {isa = PBXFileReference; lastKnownFileType = sourcecode.swift; path = HomeView.swift; sourceTree = "<group>"; };
		AB000004 /* BallardScoreView.swift */ = {isa = PBXFileReference; lastKnownFileType = sourcecode.swift; path = BallardScoreView.swift; sourceTree = "<group>"; };
		AB000005 /* BallardCriterionRow.swift */ = {isa = PBXFileReference; lastKnownFileType = sourcecode.swift; path = BallardCriterionRow.swift; sourceTree = "<group>"; };
		AB000006 /* BallardResultView.swift */ = {isa = PBXFileReference; lastKnownFileType = sourcecode.swift; path = BallardResultView.swift; sourceTree = "<group>"; };
		AB000007 /* Assets.xcassets */ = {isa = PBXFileReference; lastKnownFileType = folder.assetcatalog; path = Assets.xcassets; sourceTree = "<group>"; };
		AB000008 /* Localizable.xcstrings */ = {isa = PBXFileReference; lastKnownFileType = text.json.xcstrings; path = Localizable.xcstrings; sourceTree = "<group>"; };
		AB100001 /* PediatricDosage.swift */ = {isa = PBXFileReference; lastKnownFileType = sourcecode.swift; path = PediatricDosage.swift; sourceTree = "<group>"; };
		AB100002 /* HollidaySegar.swift */ = {isa = PBXFileReference; lastKnownFileType = sourcecode.swift; path = HollidaySegar.swift; sourceTree = "<group>"; };
		AB100003 /* BSACalculator.swift */ = {isa = PBXFileReference; lastKnownFileType = sourcecode.swift; path = BSACalculator.swift; sourceTree = "<group>"; };
		AB100004 /* CorrectedAgeCalculator.swift */ = {isa = PBXFileReference; lastKnownFileType = sourcecode.swift; path = CorrectedAgeCalculator.swift; sourceTree = "<group>"; };
		AB100005 /* ApgarScore.swift */ = {isa = PBXFileReference; lastKnownFileType = sourcecode.swift; path = ApgarScore.swift; sourceTree = "<group>"; };
		AB100006 /* PEWSScore.swift */ = {isa = PBXFileReference; lastKnownFileType = sourcecode.swift; path = PEWSScore.swift; sourceTree = "<group>"; };
		AB100007 /* GrowthPercentile.swift */ = {isa = PBXFileReference; lastKnownFileType = sourcecode.swift; path = GrowthPercentile.swift; sourceTree = "<group>"; };
		AB100008 /* DehydrationCalculator.swift */ = {isa = PBXFileReference; lastKnownFileType = sourcecode.swift; path = DehydrationCalculator.swift; sourceTree = "<group>"; };
		AB100009 /* FENaCalculator.swift */ = {isa = PBXFileReference; lastKnownFileType = sourcecode.swift; path = FENaCalculator.swift; sourceTree = "<group>"; };
		AB100010 /* ETTCalculator.swift */ = {isa = PBXFileReference; lastKnownFileType = sourcecode.swift; path = ETTCalculator.swift; sourceTree = "<group>"; };
		AB200001 /* NumberInputRow.swift */ = {isa = PBXFileReference; lastKnownFileType = sourcecode.swift; path = NumberInputRow.swift; sourceTree = "<group>"; };
		AB200002 /* ScoreSelectorRow.swift */ = {isa = PBXFileReference; lastKnownFileType = sourcecode.swift; path = ScoreSelectorRow.swift; sourceTree = "<group>"; };
		AB200003 /* ResultBar.swift */ = {isa = PBXFileReference; lastKnownFileType = sourcecode.swift; path = ResultBar.swift; sourceTree = "<group>"; };
		AB300001 /* DosageView.swift */ = {isa = PBXFileReference; lastKnownFileType = sourcecode.swift; path = DosageView.swift; sourceTree = "<group>"; };
		AB300002 /* IVFluidView.swift */ = {isa = PBXFileReference; lastKnownFileType = sourcecode.swift; path = IVFluidView.swift; sourceTree = "<group>"; };
		AB300003 /* BSAView.swift */ = {isa = PBXFileReference; lastKnownFileType = sourcecode.swift; path = BSAView.swift; sourceTree = "<group>"; };
		AB300004 /* CorrectedAgeView.swift */ = {isa = PBXFileReference; lastKnownFileType = sourcecode.swift; path = CorrectedAgeView.swift; sourceTree = "<group>"; };
		AB300005 /* ApgarScoreView.swift */ = {isa = PBXFileReference; lastKnownFileType = sourcecode.swift; path = ApgarScoreView.swift; sourceTree = "<group>"; };
		AB300006 /* PEWSScoreView.swift */ = {isa = PBXFileReference; lastKnownFileType = sourcecode.swift; path = PEWSScoreView.swift; sourceTree = "<group>"; };
		AB300007 /* GrowthPercentileView.swift */ = {isa = PBXFileReference; lastKnownFileType = sourcecode.swift; path = GrowthPercentileView.swift; sourceTree = "<group>"; };
		AB300008 /* DehydrationView.swift */ = {isa = PBXFileReference; lastKnownFileType = sourcecode.swift; path = DehydrationView.swift; sourceTree = "<group>"; };
		AB300009 /* FENaView.swift */ = {isa = PBXFileReference; lastKnownFileType = sourcecode.swift; path = FENaView.swift; sourceTree = "<group>"; };
		AB300010 /* ETTView.swift */ = {isa = PBXFileReference; lastKnownFileType = sourcecode.swift; path = ETTView.swift; sourceTree = "<group>"; };
		AB300011 /* SettingsView.swift */ = {isa = PBXFileReference; lastKnownFileType = sourcecode.swift; path = SettingsView.swift; sourceTree = "<group>"; };
		AB300012 /* AboutView.swift */ = {isa = PBXFileReference; lastKnownFileType = sourcecode.swift; path = AboutView.swift; sourceTree = "<group>"; };
		AC000001 /* PediatricTools.app */ = {isa = PBXFileReference; explicitFileType = wrapper.application; includeInIndex = 0; path = PediatricTools.app; sourceTree = BUILT_PRODUCTS_DIR; };
		CD000001 /* BallardScoreTests.swift */ = {isa = PBXFileReference; lastKnownFileType = sourcecode.swift; path = BallardScoreTests.swift; sourceTree = "<group>"; };
		CD000002 /* ApgarScoreTests.swift */ = {isa = PBXFileReference; lastKnownFileType = sourcecode.swift; path = ApgarScoreTests.swift; sourceTree = "<group>"; };
		CD000003 /* PEWSScoreTests.swift */ = {isa = PBXFileReference; lastKnownFileType = sourcecode.swift; path = PEWSScoreTests.swift; sourceTree = "<group>"; };
		CD000004 /* HollidaySegarTests.swift */ = {isa = PBXFileReference; lastKnownFileType = sourcecode.swift; path = HollidaySegarTests.swift; sourceTree = "<group>"; };
		CD000005 /* BSACalculatorTests.swift */ = {isa = PBXFileReference; lastKnownFileType = sourcecode.swift; path = BSACalculatorTests.swift; sourceTree = "<group>"; };
		CD000006 /* CorrectedAgeTests.swift */ = {isa = PBXFileReference; lastKnownFileType = sourcecode.swift; path = CorrectedAgeTests.swift; sourceTree = "<group>"; };
		CD000007 /* DehydrationTests.swift */ = {isa = PBXFileReference; lastKnownFileType = sourcecode.swift; path = DehydrationTests.swift; sourceTree = "<group>"; };
		CD000008 /* FENaTests.swift */ = {isa = PBXFileReference; lastKnownFileType = sourcecode.swift; path = FENaTests.swift; sourceTree = "<group>"; };
		CD000009 /* ETTTests.swift */ = {isa = PBXFileReference; lastKnownFileType = sourcecode.swift; path = ETTTests.swift; sourceTree = "<group>"; };
		CD000010 /* GrowthPercentileTests.swift */ = {isa = PBXFileReference; lastKnownFileType = sourcecode.swift; path = GrowthPercentileTests.swift; sourceTree = "<group>"; };
		CD000011 /* PediatricDosageTests.swift */ = {isa = PBXFileReference; lastKnownFileType = sourcecode.swift; path = PediatricDosageTests.swift; sourceTree = "<group>"; };
		CE000001 /* PediatricToolsTests.xctest */ = {isa = PBXFileReference; explicitFileType = wrapper.cfbundle; includeInIndex = 0; path = PediatricToolsTests.xctest; sourceTree = BUILT_PRODUCTS_DIR; };
		DD000001 /* ScreenshotTestCase.swift */ = {isa = PBXFileReference; lastKnownFileType = sourcecode.swift; path = ScreenshotTestCase.swift; sourceTree = "<group>"; };
		DD000002 /* HomeScreenshots.swift */ = {isa = PBXFileReference; lastKnownFileType = sourcecode.swift; path = HomeScreenshots.swift; sourceTree = "<group>"; };
		DD000003 /* BallardScreenshots.swift */ = {isa = PBXFileReference; lastKnownFileType = sourcecode.swift; path = BallardScreenshots.swift; sourceTree = "<group>"; };
		DD000004 /* ApgarScreenshots.swift */ = {isa = PBXFileReference; lastKnownFileType = sourcecode.swift; path = ApgarScreenshots.swift; sourceTree = "<group>"; };
		DD000005 /* PEWSScreenshots.swift */ = {isa = PBXFileReference; lastKnownFileType = sourcecode.swift; path = PEWSScreenshots.swift; sourceTree = "<group>"; };
		DD000006 /* DosageScreenshots.swift */ = {isa = PBXFileReference; lastKnownFileType = sourcecode.swift; path = DosageScreenshots.swift; sourceTree = "<group>"; };
		DD000007 /* IVFluidScreenshots.swift */ = {isa = PBXFileReference; lastKnownFileType = sourcecode.swift; path = IVFluidScreenshots.swift; sourceTree = "<group>"; };
		DD000008 /* BSAScreenshots.swift */ = {isa = PBXFileReference; lastKnownFileType = sourcecode.swift; path = BSAScreenshots.swift; sourceTree = "<group>"; };
		DD000009 /* CorrectedAgeScreenshots.swift */ = {isa = PBXFileReference; lastKnownFileType = sourcecode.swift; path = CorrectedAgeScreenshots.swift; sourceTree = "<group>"; };
		DD000010 /* GrowthScreenshots.swift */ = {isa = PBXFileReference; lastKnownFileType = sourcecode.swift; path = GrowthScreenshots.swift; sourceTree = "<group>"; };
		DD000011 /* DehydrationScreenshots.swift */ = {isa = PBXFileReference; lastKnownFileType = sourcecode.swift; path = DehydrationScreenshots.swift; sourceTree = "<group>"; };
		DD000012 /* FENaScreenshots.swift */ = {isa = PBXFileReference; lastKnownFileType = sourcecode.swift; path = FENaScreenshots.swift; sourceTree = "<group>"; };
		DD000013 /* ETTScreenshots.swift */ = {isa = PBXFileReference; lastKnownFileType = sourcecode.swift; path = ETTScreenshots.swift; sourceTree = "<group>"; };
		DD000014 /* SettingsScreenshots.swift */ = {isa = PBXFileReference; lastKnownFileType = sourcecode.swift; path = SettingsScreenshots.swift; sourceTree = "<group>"; };
		CD000012 /* AppDelegateTests.swift */ = {isa = PBXFileReference; lastKnownFileType = sourcecode.swift; path = AppDelegateTests.swift; sourceTree = "<group>"; };
		DE000001 /* PediatricToolsUITests.xctest */ = {isa = PBXFileReference; explicitFileType = wrapper.cfbundle; includeInIndex = 0; path = PediatricToolsUITests.xctest; sourceTree = BUILT_PRODUCTS_DIR; };
		AB100011 /* TipJarManager.swift */ = {isa = PBXFileReference; lastKnownFileType = sourcecode.swift; path = TipJarManager.swift; sourceTree = "<group>"; };
		AB300013 /* TipJarView.swift */ = {isa = PBXFileReference; lastKnownFileType = sourcecode.swift; path = TipJarView.swift; sourceTree = "<group>"; };
		AB500001 /* TipJar.storekit */ = {isa = PBXFileReference; lastKnownFileType = text; path = TipJar.storekit; sourceTree = "<group>"; };
		AB100012 /* FLACCScore.swift */ = {isa = PBXFileReference; lastKnownFileType = sourcecode.swift; path = FLACCScore.swift; sourceTree = "<group>"; };
		AB100013 /* GlasgowComaScale.swift */ = {isa = PBXFileReference; lastKnownFileType = sourcecode.swift; path = GlasgowComaScale.swift; sourceTree = "<group>"; };
		AB100014 /* SchwartzGFR.swift */ = {isa = PBXFileReference; lastKnownFileType = sourcecode.swift; path = SchwartzGFR.swift; sourceTree = "<group>"; };
		AB100015 /* QTcCalculator.swift */ = {isa = PBXFileReference; lastKnownFileType = sourcecode.swift; path = QTcCalculator.swift; sourceTree = "<group>"; };
		AB100016 /* PRAMScore.swift */ = {isa = PBXFileReference; lastKnownFileType = sourcecode.swift; path = PRAMScore.swift; sourceTree = "<group>"; };
		AB100017 /* BPPercentile.swift */ = {isa = PBXFileReference; lastKnownFileType = sourcecode.swift; path = BPPercentile.swift; sourceTree = "<group>"; };
		AB100018 /* BilirubinCalculator.swift */ = {isa = PBXFileReference; lastKnownFileType = sourcecode.swift; path = BilirubinCalculator.swift; sourceTree = "<group>"; };
		AB100019 /* PECARNRule.swift */ = {isa = PBXFileReference; lastKnownFileType = sourcecode.swift; path = PECARNRule.swift; sourceTree = "<group>"; };
		AB100020 /* PhoenixSepsis.swift */ = {isa = PBXFileReference; lastKnownFileType = sourcecode.swift; path = PhoenixSepsis.swift; sourceTree = "<group>"; };
		AB300014 /* FLACCScoreView.swift */ = {isa = PBXFileReference; lastKnownFileType = sourcecode.swift; path = FLACCScoreView.swift; sourceTree = "<group>"; };
		AB300015 /* GCSView.swift */ = {isa = PBXFileReference; lastKnownFileType = sourcecode.swift; path = GCSView.swift; sourceTree = "<group>"; };
		AB300016 /* GFRView.swift */ = {isa = PBXFileReference; lastKnownFileType = sourcecode.swift; path = GFRView.swift; sourceTree = "<group>"; };
		AB300017 /* QTcView.swift */ = {isa = PBXFileReference; lastKnownFileType = sourcecode.swift; path = QTcView.swift; sourceTree = "<group>"; };
		AB300018 /* PRAMScoreView.swift */ = {isa = PBXFileReference; lastKnownFileType = sourcecode.swift; path = PRAMScoreView.swift; sourceTree = "<group>"; };
		AB300019 /* BPView.swift */ = {isa = PBXFileReference; lastKnownFileType = sourcecode.swift; path = BPView.swift; sourceTree = "<group>"; };
		AB300020 /* BilirubinView.swift */ = {isa = PBXFileReference; lastKnownFileType = sourcecode.swift; path = BilirubinView.swift; sourceTree = "<group>"; };
		AB300021 /* PECARNView.swift */ = {isa = PBXFileReference; lastKnownFileType = sourcecode.swift; path = PECARNView.swift; sourceTree = "<group>"; };
		AB300022 /* PhoenixSepsisView.swift */ = {isa = PBXFileReference; lastKnownFileType = sourcecode.swift; path = PhoenixSepsisView.swift; sourceTree = "<group>"; };
		CD000013 /* FLACCScoreTests.swift */ = {isa = PBXFileReference; lastKnownFileType = sourcecode.swift; path = FLACCScoreTests.swift; sourceTree = "<group>"; };
		CD000014 /* GCSTests.swift */ = {isa = PBXFileReference; lastKnownFileType = sourcecode.swift; path = GCSTests.swift; sourceTree = "<group>"; };
		CD000015 /* SchwartzGFRTests.swift */ = {isa = PBXFileReference; lastKnownFileType = sourcecode.swift; path = SchwartzGFRTests.swift; sourceTree = "<group>"; };
		CD000016 /* QTcCalculatorTests.swift */ = {isa = PBXFileReference; lastKnownFileType = sourcecode.swift; path = QTcCalculatorTests.swift; sourceTree = "<group>"; };
		CD000017 /* PRAMScoreTests.swift */ = {isa = PBXFileReference; lastKnownFileType = sourcecode.swift; path = PRAMScoreTests.swift; sourceTree = "<group>"; };
		CD000018 /* BPPercentileTests.swift */ = {isa = PBXFileReference; lastKnownFileType = sourcecode.swift; path = BPPercentileTests.swift; sourceTree = "<group>"; };
		CD000019 /* BilirubinTests.swift */ = {isa = PBXFileReference; lastKnownFileType = sourcecode.swift; path = BilirubinTests.swift; sourceTree = "<group>"; };
		CD000020 /* PECARNTests.swift */ = {isa = PBXFileReference; lastKnownFileType = sourcecode.swift; path = PECARNTests.swift; sourceTree = "<group>"; };
		CD000021 /* PhoenixSepsisTests.swift */ = {isa = PBXFileReference; lastKnownFileType = sourcecode.swift; path = PhoenixSepsisTests.swift; sourceTree = "<group>"; };
		DD000015 /* FLACCScreenshots.swift */ = {isa = PBXFileReference; lastKnownFileType = sourcecode.swift; path = FLACCScreenshots.swift; sourceTree = "<group>"; };
		DD000016 /* GCSScreenshots.swift */ = {isa = PBXFileReference; lastKnownFileType = sourcecode.swift; path = GCSScreenshots.swift; sourceTree = "<group>"; };
		DD000017 /* GFRScreenshots.swift */ = {isa = PBXFileReference; lastKnownFileType = sourcecode.swift; path = GFRScreenshots.swift; sourceTree = "<group>"; };
		DD000018 /* QTcScreenshots.swift */ = {isa = PBXFileReference; lastKnownFileType = sourcecode.swift; path = QTcScreenshots.swift; sourceTree = "<group>"; };
		DD000019 /* PRAMScreenshots.swift */ = {isa = PBXFileReference; lastKnownFileType = sourcecode.swift; path = PRAMScreenshots.swift; sourceTree = "<group>"; };
		DD000020 /* BPScreenshots.swift */ = {isa = PBXFileReference; lastKnownFileType = sourcecode.swift; path = BPScreenshots.swift; sourceTree = "<group>"; };
		DD000021 /* BilirubinScreenshots.swift */ = {isa = PBXFileReference; lastKnownFileType = sourcecode.swift; path = BilirubinScreenshots.swift; sourceTree = "<group>"; };
		DD000022 /* PECARNScreenshots.swift */ = {isa = PBXFileReference; lastKnownFileType = sourcecode.swift; path = PECARNScreenshots.swift; sourceTree = "<group>"; };
		DD000023 /* PhoenixScreenshots.swift */ = {isa = PBXFileReference; lastKnownFileType = sourcecode.swift; path = PhoenixScreenshots.swift; sourceTree = "<group>"; };
		AB600001 /* PrivacyInfo.xcprivacy */ = {isa = PBXFileReference; lastKnownFileType = text.xml; path = PrivacyInfo.xcprivacy; sourceTree = "<group>"; };
/* End PBXFileReference section */

/* Begin PBXFrameworksBuildPhase section */
		AD000001 /* Frameworks */ = {
			isa = PBXFrameworksBuildPhase;
			buildActionMask = 2147483647;
			files = (
			);
			runOnlyForDeploymentPostprocessing = 0;
		};
		CF000001 /* Frameworks */ = {
			isa = PBXFrameworksBuildPhase;
			buildActionMask = 2147483647;
			files = (
			);
			runOnlyForDeploymentPostprocessing = 0;
		};
		DF000001 /* Frameworks */ = {
			isa = PBXFrameworksBuildPhase;
			buildActionMask = 2147483647;
			files = (
			);
			runOnlyForDeploymentPostprocessing = 0;
		};
/* End PBXFrameworksBuildPhase section */

/* Begin PBXGroup section */
		AE000001 = {
			isa = PBXGroup;
			children = (
				AE000002 /* PediatricTools */,
				CG000001 /* PediatricToolsTests */,
				DG000001 /* PediatricToolsUITests */,
				AE000010 /* Products */,
			);
			sourceTree = "<group>";
		};
		AE000002 /* PediatricTools */ = {
			isa = PBXGroup;
			children = (
				AB000001 /* PediatricToolsApp.swift */,
				AB400001 /* AppDelegate.swift */,
				AE000003 /* Models */,
				AE000004 /* Views */,
				AE000006 /* Resources */,
			);
			path = PediatricTools;
			sourceTree = "<group>";
		};
		AE000003 /* Models */ = {
			isa = PBXGroup;
			children = (
				AB000002 /* BallardScore.swift */,
				AB100001 /* PediatricDosage.swift */,
				AB100002 /* HollidaySegar.swift */,
				AB100003 /* BSACalculator.swift */,
				AB100004 /* CorrectedAgeCalculator.swift */,
				AB100005 /* ApgarScore.swift */,
				AB100006 /* PEWSScore.swift */,
				AB100007 /* GrowthPercentile.swift */,
				AB100008 /* DehydrationCalculator.swift */,
				AB100009 /* FENaCalculator.swift */,
				AB100010 /* ETTCalculator.swift */,
				AB100011 /* TipJarManager.swift */,
				AB100012 /* FLACCScore.swift */,
				AB100013 /* GlasgowComaScale.swift */,
				AB100014 /* SchwartzGFR.swift */,
				AB100015 /* QTcCalculator.swift */,
				AB100016 /* PRAMScore.swift */,
				AB100017 /* BPPercentile.swift */,
				AB100018 /* BilirubinCalculator.swift */,
				AB100019 /* PECARNRule.swift */,
				AB100020 /* PhoenixSepsis.swift */,
			);
			path = Models;
			sourceTree = "<group>";
		};
		AE000004 /* Views */ = {
			isa = PBXGroup;
			children = (
				AB000003 /* HomeView.swift */,
				AE100001 /* Shared */,
				AE000005 /* Ballard */,
				AE100002 /* Dosage */,
				AE100003 /* IVFluid */,
				AE100004 /* BSA */,
				AE100005 /* CorrectedAge */,
				AE100006 /* Apgar */,
				AE100007 /* PEWS */,
				AE100008 /* Growth */,
				AE100009 /* Dehydration */,
				AE100010 /* FENa */,
				AE100011 /* ETT */,
				AE100012 /* Settings */,
				AE100013 /* FLACC */,
				AE100014 /* GCS */,
				AE100015 /* GFR */,
				AE100016 /* QTc */,
				AE100017 /* PRAM */,
				AE100018 /* BP */,
				AE100019 /* Bilirubin */,
				AE100020 /* PECARN */,
				AE100021 /* Phoenix */,
			);
			path = Views;
			sourceTree = "<group>";
		};
		AE000005 /* Ballard */ = {
			isa = PBXGroup;
			children = (
				AB000004 /* BallardScoreView.swift */,
				AB000005 /* BallardCriterionRow.swift */,
				AB000006 /* BallardResultView.swift */,
			);
			path = Ballard;
			sourceTree = "<group>";
		};
		AE000006 /* Resources */ = {
			isa = PBXGroup;
			children = (
				AB000007 /* Assets.xcassets */,
				AB000008 /* Localizable.xcstrings */,
				AB500001 /* TipJar.storekit */,
				AB600001 /* PrivacyInfo.xcprivacy */,
			);
			path = Resources;
			sourceTree = "<group>";
		};
		AE000010 /* Products */ = {
			isa = PBXGroup;
			children = (
				AC000001 /* PediatricTools.app */,
				CE000001 /* PediatricToolsTests.xctest */,
				DE000001 /* PediatricToolsUITests.xctest */,
			);
			name = Products;
			sourceTree = "<group>";
		};
		AE100001 /* Shared */ = {
			isa = PBXGroup;
			children = (
				AB200001 /* NumberInputRow.swift */,
				AB200002 /* ScoreSelectorRow.swift */,
				AB200003 /* ResultBar.swift */,
			);
			path = Shared;
			sourceTree = "<group>";
		};
		AE100002 /* Dosage */ = {
			isa = PBXGroup;
			children = (
				AB300001 /* DosageView.swift */,
			);
			path = Dosage;
			sourceTree = "<group>";
		};
		AE100003 /* IVFluid */ = {
			isa = PBXGroup;
			children = (
				AB300002 /* IVFluidView.swift */,
			);
			path = IVFluid;
			sourceTree = "<group>";
		};
		AE100004 /* BSA */ = {
			isa = PBXGroup;
			children = (
				AB300003 /* BSAView.swift */,
			);
			path = BSA;
			sourceTree = "<group>";
		};
		AE100005 /* CorrectedAge */ = {
			isa = PBXGroup;
			children = (
				AB300004 /* CorrectedAgeView.swift */,
			);
			path = CorrectedAge;
			sourceTree = "<group>";
		};
		AE100006 /* Apgar */ = {
			isa = PBXGroup;
			children = (
				AB300005 /* ApgarScoreView.swift */,
			);
			path = Apgar;
			sourceTree = "<group>";
		};
		AE100007 /* PEWS */ = {
			isa = PBXGroup;
			children = (
				AB300006 /* PEWSScoreView.swift */,
			);
			path = PEWS;
			sourceTree = "<group>";
		};
		AE100008 /* Growth */ = {
			isa = PBXGroup;
			children = (
				AB300007 /* GrowthPercentileView.swift */,
			);
			path = Growth;
			sourceTree = "<group>";
		};
		AE100009 /* Dehydration */ = {
			isa = PBXGroup;
			children = (
				AB300008 /* DehydrationView.swift */,
			);
			path = Dehydration;
			sourceTree = "<group>";
		};
		AE100010 /* FENa */ = {
			isa = PBXGroup;
			children = (
				AB300009 /* FENaView.swift */,
			);
			path = FENa;
			sourceTree = "<group>";
		};
		AE100011 /* ETT */ = {
			isa = PBXGroup;
			children = (
				AB300010 /* ETTView.swift */,
			);
			path = ETT;
			sourceTree = "<group>";
		};
		AE100012 /* Settings */ = {
			isa = PBXGroup;
			children = (
				AB300011 /* SettingsView.swift */,
				AB300012 /* AboutView.swift */,
				AB300013 /* TipJarView.swift */,
			);
			path = Settings;
			sourceTree = "<group>";
		};
		AE100013 /* FLACC */ = {
			isa = PBXGroup;
			children = (
				AB300014 /* FLACCScoreView.swift */,
			);
			path = FLACC;
			sourceTree = "<group>";
		};
		AE100014 /* GCS */ = {
			isa = PBXGroup;
			children = (
				AB300015 /* GCSView.swift */,
			);
			path = GCS;
			sourceTree = "<group>";
		};
		AE100015 /* GFR */ = {
			isa = PBXGroup;
			children = (
				AB300016 /* GFRView.swift */,
			);
			path = GFR;
			sourceTree = "<group>";
		};
		AE100016 /* QTc */ = {
			isa = PBXGroup;
			children = (
				AB300017 /* QTcView.swift */,
			);
			path = QTc;
			sourceTree = "<group>";
		};
		AE100017 /* PRAM */ = {
			isa = PBXGroup;
			children = (
				AB300018 /* PRAMScoreView.swift */,
			);
			path = PRAM;
			sourceTree = "<group>";
		};
		AE100018 /* BP */ = {
			isa = PBXGroup;
			children = (
				AB300019 /* BPView.swift */,
			);
			path = BP;
			sourceTree = "<group>";
		};
		AE100019 /* Bilirubin */ = {
			isa = PBXGroup;
			children = (
				AB300020 /* BilirubinView.swift */,
			);
			path = Bilirubin;
			sourceTree = "<group>";
		};
		AE100020 /* PECARN */ = {
			isa = PBXGroup;
			children = (
				AB300021 /* PECARNView.swift */,
			);
			path = PECARN;
			sourceTree = "<group>";
		};
		AE100021 /* Phoenix */ = {
			isa = PBXGroup;
			children = (
				AB300022 /* PhoenixSepsisView.swift */,
			);
			path = Phoenix;
			sourceTree = "<group>";
		};
		CG000001 /* PediatricToolsTests */ = {
			isa = PBXGroup;
			children = (
				CD000001 /* BallardScoreTests.swift */,
				CD000002 /* ApgarScoreTests.swift */,
				CD000003 /* PEWSScoreTests.swift */,
				CD000004 /* HollidaySegarTests.swift */,
				CD000005 /* BSACalculatorTests.swift */,
				CD000006 /* CorrectedAgeTests.swift */,
				CD000007 /* DehydrationTests.swift */,
				CD000008 /* FENaTests.swift */,
				CD000009 /* ETTTests.swift */,
				CD000010 /* GrowthPercentileTests.swift */,
				CD000011 /* PediatricDosageTests.swift */,
				CD000012 /* AppDelegateTests.swift */,
				CD000013 /* FLACCScoreTests.swift */,
				CD000014 /* GCSTests.swift */,
				CD000015 /* SchwartzGFRTests.swift */,
				CD000016 /* QTcCalculatorTests.swift */,
				CD000017 /* PRAMScoreTests.swift */,
				CD000018 /* BPPercentileTests.swift */,
				CD000019 /* BilirubinTests.swift */,
				CD000020 /* PECARNTests.swift */,
				CD000021 /* PhoenixSepsisTests.swift */,
			);
			path = PediatricToolsTests;
			sourceTree = "<group>";
		};
		DG000001 /* PediatricToolsUITests */ = {
			isa = PBXGroup;
			children = (
				DD000001 /* ScreenshotTestCase.swift */,
				DD000002 /* HomeScreenshots.swift */,
				DD000003 /* BallardScreenshots.swift */,
				DD000004 /* ApgarScreenshots.swift */,
				DD000005 /* PEWSScreenshots.swift */,
				DD000006 /* DosageScreenshots.swift */,
				DD000007 /* IVFluidScreenshots.swift */,
				DD000008 /* BSAScreenshots.swift */,
				DD000009 /* CorrectedAgeScreenshots.swift */,
				DD000010 /* GrowthScreenshots.swift */,
				DD000011 /* DehydrationScreenshots.swift */,
				DD000012 /* FENaScreenshots.swift */,
				DD000013 /* ETTScreenshots.swift */,
				DD000014 /* SettingsScreenshots.swift */,
				DD000015 /* FLACCScreenshots.swift */,
				DD000016 /* GCSScreenshots.swift */,
				DD000017 /* GFRScreenshots.swift */,
				DD000018 /* QTcScreenshots.swift */,
				DD000019 /* PRAMScreenshots.swift */,
				DD000020 /* BPScreenshots.swift */,
				DD000021 /* BilirubinScreenshots.swift */,
				DD000022 /* PECARNScreenshots.swift */,
				DD000023 /* PhoenixScreenshots.swift */,
			);
			path = PediatricToolsUITests;
			sourceTree = "<group>";
		};
/* End PBXGroup section */

/* Begin PBXNativeTarget section */
		AF000001 /* PediatricTools */ = {
			isa = PBXNativeTarget;
			buildConfigurationList = B1000001 /* Build configuration list for PBXNativeTarget "PediatricTools" */;
			buildPhases = (
				AG000001 /* Sources */,
				AD000001 /* Frameworks */,
				AH000001 /* Resources */,
			);
			buildRules = (
			);
			dependencies = (
			);
			name = PediatricTools;
			productName = PediatricTools;
			productReference = AC000001 /* PediatricTools.app */;
			productType = "com.apple.product-type.application";
		};
		CH000001 /* PediatricToolsTests */ = {
			isa = PBXNativeTarget;
			buildConfigurationList = CL000001 /* Build configuration list for PBXNativeTarget "PediatricToolsTests" */;
			buildPhases = (
				CI000001 /* Sources */,
				CF000001 /* Frameworks */,
				CJ000001 /* Resources */,
			);
			buildRules = (
			);
			dependencies = (
				CM000001 /* PBXTargetDependency */,
			);
			name = PediatricToolsTests;
			productName = PediatricToolsTests;
			productReference = CE000001 /* PediatricToolsTests.xctest */;
			productType = "com.apple.product-type.bundle.unit-test";
		};
		DH000001 /* PediatricToolsUITests */ = {
			isa = PBXNativeTarget;
			buildConfigurationList = DL000001 /* Build configuration list for PBXNativeTarget "PediatricToolsUITests" */;
			buildPhases = (
				DI000001 /* Sources */,
				DF000001 /* Frameworks */,
				DJ000001 /* Resources */,
			);
			buildRules = (
			);
			dependencies = (
				DM000001 /* PBXTargetDependency */,
			);
			name = PediatricToolsUITests;
			productName = PediatricToolsUITests;
			productReference = DE000001 /* PediatricToolsUITests.xctest */;
			productType = "com.apple.product-type.bundle.ui-testing";
		};
/* End PBXNativeTarget section */

/* Begin PBXProject section */
		AI000001 /* Project object */ = {
			isa = PBXProject;
			attributes = {
				BuildIndependentTargetsInParallel = 1;
				LastSwiftUpdateCheck = 1500;
				LastUpgradeCheck = 1500;
				TargetAttributes = {
					AF000001 = {
						CreatedOnToolsVersion = 15.0;
					};
					CH000001 = {
						CreatedOnToolsVersion = 15.0;
						TestTargetID = AF000001;
					};
					DH000001 = {
						CreatedOnToolsVersion = 15.0;
						TestTargetID = AF000001;
					};
				};
			};
			buildConfigurationList = B2000001 /* Build configuration list for PBXProject "PediatricTools" */;
			compatibilityVersion = "Xcode 14.0";
			developmentRegion = en;
			hasScannedForEncodings = 0;
			knownRegions = (
				en,
				"pt-BR",
				es,
				fr,
			);
			mainGroup = AE000001;
			productRefGroup = AE000010 /* Products */;
			projectDirPath = "";
			projectRoot = "";
			targets = (
				AF000001 /* PediatricTools */,
				CH000001 /* PediatricToolsTests */,
				DH000001 /* PediatricToolsUITests */,
			);
		};
/* End PBXProject section */

/* Begin PBXResourcesBuildPhase section */
		AH000001 /* Resources */ = {
			isa = PBXResourcesBuildPhase;
			buildActionMask = 2147483647;
			files = (
				AA000007 /* Assets.xcassets in Resources */,
				AA000008 /* Localizable.xcstrings in Resources */,
				AA500001 /* TipJar.storekit in Resources */,
				AA600001 /* PrivacyInfo.xcprivacy in Resources */,
			);
			runOnlyForDeploymentPostprocessing = 0;
		};
		CJ000001 /* Resources */ = {
			isa = PBXResourcesBuildPhase;
			buildActionMask = 2147483647;
			files = (
			);
			runOnlyForDeploymentPostprocessing = 0;
		};
		DJ000001 /* Resources */ = {
			isa = PBXResourcesBuildPhase;
			buildActionMask = 2147483647;
			files = (
			);
			runOnlyForDeploymentPostprocessing = 0;
		};
/* End PBXResourcesBuildPhase section */

/* Begin PBXSourcesBuildPhase section */
		AG000001 /* Sources */ = {
			isa = PBXSourcesBuildPhase;
			buildActionMask = 2147483647;
			files = (
				AA000001 /* PediatricToolsApp.swift in Sources */,
				AA400001 /* AppDelegate.swift in Sources */,
				AA000002 /* BallardScore.swift in Sources */,
				AA000003 /* HomeView.swift in Sources */,
				AA000004 /* BallardScoreView.swift in Sources */,
				AA000005 /* BallardCriterionRow.swift in Sources */,
				AA000006 /* BallardResultView.swift in Sources */,
				AA100001 /* PediatricDosage.swift in Sources */,
				AA100002 /* HollidaySegar.swift in Sources */,
				AA100003 /* BSACalculator.swift in Sources */,
				AA100004 /* CorrectedAgeCalculator.swift in Sources */,
				AA100005 /* ApgarScore.swift in Sources */,
				AA100006 /* PEWSScore.swift in Sources */,
				AA100007 /* GrowthPercentile.swift in Sources */,
				AA100008 /* DehydrationCalculator.swift in Sources */,
				AA100009 /* FENaCalculator.swift in Sources */,
				AA100010 /* ETTCalculator.swift in Sources */,
				AA200001 /* NumberInputRow.swift in Sources */,
				AA200002 /* ScoreSelectorRow.swift in Sources */,
				AA200003 /* ResultBar.swift in Sources */,
				AA300001 /* DosageView.swift in Sources */,
				AA300002 /* IVFluidView.swift in Sources */,
				AA300003 /* BSAView.swift in Sources */,
				AA300004 /* CorrectedAgeView.swift in Sources */,
				AA300005 /* ApgarScoreView.swift in Sources */,
				AA300006 /* PEWSScoreView.swift in Sources */,
				AA300007 /* GrowthPercentileView.swift in Sources */,
				AA300008 /* DehydrationView.swift in Sources */,
				AA300009 /* FENaView.swift in Sources */,
				AA300010 /* ETTView.swift in Sources */,
				AA300011 /* SettingsView.swift in Sources */,
				AA300012 /* AboutView.swift in Sources */,
				AA100011 /* TipJarManager.swift in Sources */,
				AA300013 /* TipJarView.swift in Sources */,
				AA100012 /* FLACCScore.swift in Sources */,
				AA100013 /* GlasgowComaScale.swift in Sources */,
				AA100014 /* SchwartzGFR.swift in Sources */,
				AA100015 /* QTcCalculator.swift in Sources */,
				AA100016 /* PRAMScore.swift in Sources */,
				AA100017 /* BPPercentile.swift in Sources */,
				AA100018 /* BilirubinCalculator.swift in Sources */,
				AA100019 /* PECARNRule.swift in Sources */,
				AA100020 /* PhoenixSepsis.swift in Sources */,
				AA300014 /* FLACCScoreView.swift in Sources */,
				AA300015 /* GCSView.swift in Sources */,
				AA300016 /* GFRView.swift in Sources */,
				AA300017 /* QTcView.swift in Sources */,
				AA300018 /* PRAMScoreView.swift in Sources */,
				AA300019 /* BPView.swift in Sources */,
				AA300020 /* BilirubinView.swift in Sources */,
				AA300021 /* PECARNView.swift in Sources */,
				AA300022 /* PhoenixSepsisView.swift in Sources */,
			);
			runOnlyForDeploymentPostprocessing = 0;
		};
		CI000001 /* Sources */ = {
			isa = PBXSourcesBuildPhase;
			buildActionMask = 2147483647;
			files = (
				CC000001 /* BallardScoreTests.swift in Sources */,
				CC000002 /* ApgarScoreTests.swift in Sources */,
				CC000003 /* PEWSScoreTests.swift in Sources */,
				CC000004 /* HollidaySegarTests.swift in Sources */,
				CC000005 /* BSACalculatorTests.swift in Sources */,
				CC000006 /* CorrectedAgeTests.swift in Sources */,
				CC000007 /* DehydrationTests.swift in Sources */,
				CC000008 /* FENaTests.swift in Sources */,
				CC000009 /* ETTTests.swift in Sources */,
				CC000010 /* GrowthPercentileTests.swift in Sources */,
				CC000011 /* PediatricDosageTests.swift in Sources */,
				CC000012 /* AppDelegateTests.swift in Sources */,
				CC000013 /* FLACCScoreTests.swift in Sources */,
				CC000014 /* GCSTests.swift in Sources */,
				CC000015 /* SchwartzGFRTests.swift in Sources */,
				CC000016 /* QTcCalculatorTests.swift in Sources */,
				CC000017 /* PRAMScoreTests.swift in Sources */,
				CC000018 /* BPPercentileTests.swift in Sources */,
				CC000019 /* BilirubinTests.swift in Sources */,
				CC000020 /* PECARNTests.swift in Sources */,
				CC000021 /* PhoenixSepsisTests.swift in Sources */,
			);
			runOnlyForDeploymentPostprocessing = 0;
		};
		DI000001 /* Sources */ = {
			isa = PBXSourcesBuildPhase;
			buildActionMask = 2147483647;
			files = (
				DC000001 /* ScreenshotTestCase.swift in Sources */,
				DC000002 /* HomeScreenshots.swift in Sources */,
				DC000003 /* BallardScreenshots.swift in Sources */,
				DC000004 /* ApgarScreenshots.swift in Sources */,
				DC000005 /* PEWSScreenshots.swift in Sources */,
				DC000006 /* DosageScreenshots.swift in Sources */,
				DC000007 /* IVFluidScreenshots.swift in Sources */,
				DC000008 /* BSAScreenshots.swift in Sources */,
				DC000009 /* CorrectedAgeScreenshots.swift in Sources */,
				DC000010 /* GrowthScreenshots.swift in Sources */,
				DC000011 /* DehydrationScreenshots.swift in Sources */,
				DC000012 /* FENaScreenshots.swift in Sources */,
				DC000013 /* ETTScreenshots.swift in Sources */,
				DC000014 /* SettingsScreenshots.swift in Sources */,
				DC000015 /* FLACCScreenshots.swift in Sources */,
				DC000016 /* GCSScreenshots.swift in Sources */,
				DC000017 /* GFRScreenshots.swift in Sources */,
				DC000018 /* QTcScreenshots.swift in Sources */,
				DC000019 /* PRAMScreenshots.swift in Sources */,
				DC000020 /* BPScreenshots.swift in Sources */,
				DC000021 /* BilirubinScreenshots.swift in Sources */,
				DC000022 /* PECARNScreenshots.swift in Sources */,
				DC000023 /* PhoenixScreenshots.swift in Sources */,
			);
			runOnlyForDeploymentPostprocessing = 0;
		};
/* End PBXSourcesBuildPhase section */

/* Begin PBXTargetDependency section */
		CM000001 /* PBXTargetDependency */ = {
			isa = PBXTargetDependency;
			target = AF000001 /* PediatricTools */;
			targetProxy = CN000001 /* PBXContainerItemProxy */;
		};
		DM000001 /* PBXTargetDependency */ = {
			isa = PBXTargetDependency;
			target = AF000001 /* PediatricTools */;
			targetProxy = DN000001 /* PBXContainerItemProxy */;
		};
/* End PBXTargetDependency section */

/* Begin XCBuildConfiguration section */
		B3000001 /* Debug */ = {
			isa = XCBuildConfiguration;
			buildSettings = {
				ALWAYS_SEARCH_USER_PATHS = NO;
				ASSETCATALOG_COMPILER_GENERATE_SWIFT_ASSET_SYMBOL_EXTENSIONS = YES;
				CLANG_ANALYZER_NONNULL = YES;
				CLANG_ANALYZER_NUMBER_OBJECT_CONVERSION = YES_AGGRESSIVE;
				CLANG_CXX_LANGUAGE_STANDARD = "gnu++20";
				CLANG_ENABLE_MODULES = YES;
				CLANG_ENABLE_OBJC_ARC = YES;
				CLANG_ENABLE_OBJC_WEAK = YES;
				CLANG_WARN_BLOCK_CAPTURE_AUTORELEASING = YES;
				CLANG_WARN_BOOL_CONVERSION = YES;
				CLANG_WARN_COMMA = YES;
				CLANG_WARN_CONSTANT_CONVERSION = YES;
				CLANG_WARN_DEPRECATED_OBJC_IMPLEMENTATIONS = YES;
				CLANG_WARN_DIRECT_OBJC_ISA_USAGE = YES_ERROR;
				CLANG_WARN_DOCUMENTATION_COMMENTS = YES;
				CLANG_WARN_EMPTY_BODY = YES;
				CLANG_WARN_ENUM_CONVERSION = YES;
				CLANG_WARN_INFINITE_RECURSION = YES;
				CLANG_WARN_INT_CONVERSION = YES;
				CLANG_WARN_NON_LITERAL_NULL_CONVERSION = YES;
				CLANG_WARN_OBJC_IMPLICIT_RETAIN_SELF = YES;
				CLANG_WARN_OBJC_LITERAL_CONVERSION = YES;
				CLANG_WARN_OBJC_ROOT_CLASS = YES_ERROR;
				CLANG_WARN_QUOTED_INCLUDE_IN_FRAMEWORK_HEADER = YES;
				CLANG_WARN_RANGE_LOOP_ANALYSIS = YES;
				CLANG_WARN_STRICT_PROTOTYPES = YES;
				CLANG_WARN_SUSPICIOUS_MOVE = YES;
				CLANG_WARN_UNGUARDED_AVAILABILITY = YES_AGGRESSIVE;
				CLANG_WARN_UNREACHABLE_CODE = YES;
				CLANG_WARN__DUPLICATE_METHOD_MATCH = YES;
				COPY_PHASE_STRIP = NO;
				DEBUG_INFORMATION_FORMAT = dwarf;
				ENABLE_STRICT_OBJC_MSGSEND = YES;
				ENABLE_TESTABILITY = YES;
				ENABLE_USER_SCRIPT_SANDBOXING = YES;
				GCC_C_LANGUAGE_STANDARD = gnu17;
				GCC_DYNAMIC_NO_PIC = NO;
				GCC_NO_COMMON_BLOCKS = YES;
				GCC_OPTIMIZATION_LEVEL = 0;
				GCC_PREPROCESSOR_DEFINITIONS = (
					"DEBUG=1",
					"$(inherited)",
				);
				GCC_WARN_64_TO_32_BIT_CONVERSION = YES;
				GCC_WARN_ABOUT_RETURN_TYPE = YES_ERROR;
				GCC_WARN_UNDECLARED_SELECTOR = YES;
				GCC_WARN_UNINITIALIZED_AUTOS = YES_AGGRESSIVE;
				GCC_WARN_UNUSED_FUNCTION = YES;
				GCC_WARN_UNUSED_VARIABLE = YES;
				IPHONEOS_DEPLOYMENT_TARGET = 17.0;
				LOCALIZATION_PREFERS_STRING_CATALOGS = YES;
				MTL_ENABLE_DEBUG_INFO = INCLUDE_SOURCE;
				MTL_FAST_MATH = YES;
				ONLY_ACTIVE_ARCH = YES;
				SDKROOT = iphoneos;
				SWIFT_ACTIVE_COMPILATION_CONDITIONS = "DEBUG $(inherited)";
				SWIFT_OPTIMIZATION_LEVEL = "-Onone";
			};
			name = Debug;
		};
		B3000002 /* Release */ = {
			isa = XCBuildConfiguration;
			buildSettings = {
				ALWAYS_SEARCH_USER_PATHS = NO;
				ASSETCATALOG_COMPILER_GENERATE_SWIFT_ASSET_SYMBOL_EXTENSIONS = YES;
				CLANG_ANALYZER_NONNULL = YES;
				CLANG_ANALYZER_NUMBER_OBJECT_CONVERSION = YES_AGGRESSIVE;
				CLANG_CXX_LANGUAGE_STANDARD = "gnu++20";
				CLANG_ENABLE_MODULES = YES;
				CLANG_ENABLE_OBJC_ARC = YES;
				CLANG_ENABLE_OBJC_WEAK = YES;
				CLANG_WARN_BLOCK_CAPTURE_AUTORELEASING = YES;
				CLANG_WARN_BOOL_CONVERSION = YES;
				CLANG_WARN_COMMA = YES;
				CLANG_WARN_CONSTANT_CONVERSION = YES;
				CLANG_WARN_DEPRECATED_OBJC_IMPLEMENTATIONS = YES;
				CLANG_WARN_DIRECT_OBJC_ISA_USAGE = YES_ERROR;
				CLANG_WARN_DOCUMENTATION_COMMENTS = YES;
				CLANG_WARN_EMPTY_BODY = YES;
				CLANG_WARN_ENUM_CONVERSION = YES;
				CLANG_WARN_INFINITE_RECURSION = YES;
				CLANG_WARN_INT_CONVERSION = YES;
				CLANG_WARN_NON_LITERAL_NULL_CONVERSION = YES;
				CLANG_WARN_OBJC_IMPLICIT_RETAIN_SELF = YES;
				CLANG_WARN_OBJC_LITERAL_CONVERSION = YES;
				CLANG_WARN_OBJC_ROOT_CLASS = YES_ERROR;
				CLANG_WARN_QUOTED_INCLUDE_IN_FRAMEWORK_HEADER = YES;
				CLANG_WARN_RANGE_LOOP_ANALYSIS = YES;
				CLANG_WARN_STRICT_PROTOTYPES = YES;
				CLANG_WARN_SUSPICIOUS_MOVE = YES;
				CLANG_WARN_UNGUARDED_AVAILABILITY = YES_AGGRESSIVE;
				CLANG_WARN_UNREACHABLE_CODE = YES;
				CLANG_WARN__DUPLICATE_METHOD_MATCH = YES;
				COPY_PHASE_STRIP = NO;
				DEBUG_INFORMATION_FORMAT = "dwarf-with-dsym";
				ENABLE_NS_ASSERTIONS = NO;
				ENABLE_STRICT_OBJC_MSGSEND = YES;
				ENABLE_USER_SCRIPT_SANDBOXING = YES;
				GCC_C_LANGUAGE_STANDARD = gnu17;
				GCC_NO_COMMON_BLOCKS = YES;
				GCC_WARN_64_TO_32_BIT_CONVERSION = YES;
				GCC_WARN_ABOUT_RETURN_TYPE = YES_ERROR;
				GCC_WARN_UNDECLARED_SELECTOR = YES;
				GCC_WARN_UNINITIALIZED_AUTOS = YES_AGGRESSIVE;
				GCC_WARN_UNUSED_FUNCTION = YES;
				GCC_WARN_UNUSED_VARIABLE = YES;
				IPHONEOS_DEPLOYMENT_TARGET = 17.0;
				LOCALIZATION_PREFERS_STRING_CATALOGS = YES;
				MTL_FAST_MATH = YES;
				SDKROOT = iphoneos;
				SWIFT_COMPILATION_MODE = wholemodule;
				VALIDATE_PRODUCT = YES;
			};
			name = Release;
		};
		B4000001 /* Debug */ = {
			isa = XCBuildConfiguration;
			buildSettings = {
				ASSETCATALOG_COMPILER_APPICON_NAME = AppIcon;
				ASSETCATALOG_COMPILER_GLOBAL_ACCENT_COLOR_NAME = AccentColor;
				CODE_SIGN_STYLE = Automatic;
				CURRENT_PROJECT_VERSION = 1;
				DEVELOPMENT_ASSET_PATHS = "";
				DEVELOPMENT_TEAM = CJXZNY36RV;
				ENABLE_PREVIEWS = YES;
				GENERATE_INFOPLIST_FILE = YES;
				INFOPLIST_KEY_CFBundleDisplayName = "Pediatric Tools";
				INFOPLIST_KEY_LSApplicationCategoryType = "public.app-category.medical";
				INFOPLIST_KEY_UIApplicationSceneManifest_Generation = YES;
				INFOPLIST_KEY_UIApplicationSupportsIndirectInputEvents = YES;
				INFOPLIST_KEY_UILaunchScreen_Generation = YES;
				INFOPLIST_KEY_UISupportedInterfaceOrientations_iPad = "UIInterfaceOrientationPortrait UIInterfaceOrientationPortraitUpsideDown UIInterfaceOrientationLandscapeLeft UIInterfaceOrientationLandscapeRight";
				INFOPLIST_KEY_UISupportedInterfaceOrientations_iPhone = "UIInterfaceOrientationPortrait UIInterfaceOrientationLandscapeLeft UIInterfaceOrientationLandscapeRight";
				LD_RUNPATH_SEARCH_PATHS = (
					"$(inherited)",
					"@executable_path/Frameworks",
				);
				MARKETING_VERSION = 1.0;
				PRODUCT_BUNDLE_IDENTIFIER = com.RV.pediatrictools.app;
				PRODUCT_NAME = "$(TARGET_NAME)";
				SUPPORTED_PLATFORMS = "iphoneos iphonesimulator";
				SUPPORTS_MACCATALYST = NO;
				SWIFT_EMIT_LOC_STRINGS = YES;
				SWIFT_VERSION = 5.0;
				TARGETED_DEVICE_FAMILY = "1,2";
			};
			name = Debug;
		};
		B4000002 /* Release */ = {
			isa = XCBuildConfiguration;
			buildSettings = {
				ASSETCATALOG_COMPILER_APPICON_NAME = AppIcon;
				ASSETCATALOG_COMPILER_GLOBAL_ACCENT_COLOR_NAME = AccentColor;
				CODE_SIGN_STYLE = Automatic;
				CURRENT_PROJECT_VERSION = 1;
				DEVELOPMENT_ASSET_PATHS = "";
				DEVELOPMENT_TEAM = CJXZNY36RV;
				ENABLE_PREVIEWS = YES;
				GENERATE_INFOPLIST_FILE = YES;
				INFOPLIST_KEY_CFBundleDisplayName = "Pediatric Tools";
				INFOPLIST_KEY_LSApplicationCategoryType = "public.app-category.medical";
				INFOPLIST_KEY_UIApplicationSceneManifest_Generation = YES;
				INFOPLIST_KEY_UIApplicationSupportsIndirectInputEvents = YES;
				INFOPLIST_KEY_UILaunchScreen_Generation = YES;
				INFOPLIST_KEY_UISupportedInterfaceOrientations_iPad = "UIInterfaceOrientationPortrait UIInterfaceOrientationPortraitUpsideDown UIInterfaceOrientationLandscapeLeft UIInterfaceOrientationLandscapeRight";
				INFOPLIST_KEY_UISupportedInterfaceOrientations_iPhone = "UIInterfaceOrientationPortrait UIInterfaceOrientationLandscapeLeft UIInterfaceOrientationLandscapeRight";
				LD_RUNPATH_SEARCH_PATHS = (
					"$(inherited)",
					"@executable_path/Frameworks",
				);
				MARKETING_VERSION = 1.0;
				PRODUCT_BUNDLE_IDENTIFIER = com.RV.pediatrictools.app;
				PRODUCT_NAME = "$(TARGET_NAME)";
				SUPPORTED_PLATFORMS = "iphoneos iphonesimulator";
				SUPPORTS_MACCATALYST = NO;
				SWIFT_EMIT_LOC_STRINGS = YES;
				SWIFT_VERSION = 5.0;
				TARGETED_DEVICE_FAMILY = "1,2";
			};
			name = Release;
		};
		CK000001 /* Debug */ = {
			isa = XCBuildConfiguration;
			buildSettings = {
				BUNDLE_LOADER = "$(TEST_HOST)";
				CODE_SIGN_STYLE = Automatic;
				CURRENT_PROJECT_VERSION = 1;
				GENERATE_INFOPLIST_FILE = YES;
				IPHONEOS_DEPLOYMENT_TARGET = 17.0;
				MARKETING_VERSION = 1.0;
				PRODUCT_BUNDLE_IDENTIFIER = com.pediatrictools.tests;
				PRODUCT_NAME = "$(TARGET_NAME)";
				SUPPORTED_PLATFORMS = "iphoneos iphonesimulator";
				SUPPORTS_MACCATALYST = NO;
				SWIFT_EMIT_LOC_STRINGS = NO;
				SWIFT_VERSION = 5.0;
				TARGETED_DEVICE_FAMILY = "1,2";
				TEST_HOST = "$(BUILT_PRODUCTS_DIR)/PediatricTools.app/$(BUNDLE_EXECUTABLE_FOLDER_PATH)/PediatricTools";
			};
			name = Debug;
		};
		CK000002 /* Release */ = {
			isa = XCBuildConfiguration;
			buildSettings = {
				BUNDLE_LOADER = "$(TEST_HOST)";
				CODE_SIGN_STYLE = Automatic;
				CURRENT_PROJECT_VERSION = 1;
				GENERATE_INFOPLIST_FILE = YES;
				IPHONEOS_DEPLOYMENT_TARGET = 17.0;
				MARKETING_VERSION = 1.0;
				PRODUCT_BUNDLE_IDENTIFIER = com.pediatrictools.tests;
				PRODUCT_NAME = "$(TARGET_NAME)";
				SUPPORTED_PLATFORMS = "iphoneos iphonesimulator";
				SUPPORTS_MACCATALYST = NO;
				SWIFT_EMIT_LOC_STRINGS = NO;
				SWIFT_VERSION = 5.0;
				TARGETED_DEVICE_FAMILY = "1,2";
				TEST_HOST = "$(BUILT_PRODUCTS_DIR)/PediatricTools.app/$(BUNDLE_EXECUTABLE_FOLDER_PATH)/PediatricTools";
			};
			name = Release;
		};
		DK000001 /* Debug */ = {
			isa = XCBuildConfiguration;
			buildSettings = {
				CODE_SIGN_STYLE = Automatic;
				CURRENT_PROJECT_VERSION = 1;
				GENERATE_INFOPLIST_FILE = YES;
				IPHONEOS_DEPLOYMENT_TARGET = 17.0;
				MARKETING_VERSION = 1.0;
				PRODUCT_BUNDLE_IDENTIFIER = com.pediatrictools.uitests;
				PRODUCT_NAME = "$(TARGET_NAME)";
				SUPPORTED_PLATFORMS = "iphoneos iphonesimulator";
				SUPPORTS_MACCATALYST = NO;
				SWIFT_EMIT_LOC_STRINGS = NO;
				SWIFT_VERSION = 5.0;
				TARGETED_DEVICE_FAMILY = "1,2";
				TEST_TARGET_NAME = PediatricTools;
			};
			name = Debug;
		};
		DK000002 /* Release */ = {
			isa = XCBuildConfiguration;
			buildSettings = {
				CODE_SIGN_STYLE = Automatic;
				CURRENT_PROJECT_VERSION = 1;
				GENERATE_INFOPLIST_FILE = YES;
				IPHONEOS_DEPLOYMENT_TARGET = 17.0;
				MARKETING_VERSION = 1.0;
				PRODUCT_BUNDLE_IDENTIFIER = com.pediatrictools.uitests;
				PRODUCT_NAME = "$(TARGET_NAME)";
				SUPPORTED_PLATFORMS = "iphoneos iphonesimulator";
				SUPPORTS_MACCATALYST = NO;
				SWIFT_EMIT_LOC_STRINGS = NO;
				SWIFT_VERSION = 5.0;
				TARGETED_DEVICE_FAMILY = "1,2";
				TEST_TARGET_NAME = PediatricTools;
			};
			name = Release;
		};
/* End XCBuildConfiguration section */

/* Begin XCConfigurationList section */
		B1000001 /* Build configuration list for PBXNativeTarget "PediatricTools" */ = {
			isa = XCConfigurationList;
			buildConfigurations = (
				B4000001 /* Debug */,
				B4000002 /* Release */,
			);
			defaultConfigurationIsVisible = 0;
			defaultConfigurationName = Release;
		};
		B2000001 /* Build configuration list for PBXProject "PediatricTools" */ = {
			isa = XCConfigurationList;
			buildConfigurations = (
				B3000001 /* Debug */,
				B3000002 /* Release */,
			);
			defaultConfigurationIsVisible = 0;
			defaultConfigurationName = Release;
		};
		CL000001 /* Build configuration list for PBXNativeTarget "PediatricToolsTests" */ = {
			isa = XCConfigurationList;
			buildConfigurations = (
				CK000001 /* Debug */,
				CK000002 /* Release */,
			);
			defaultConfigurationIsVisible = 0;
			defaultConfigurationName = Release;
		};
		DL000001 /* Build configuration list for PBXNativeTarget "PediatricToolsUITests" */ = {
			isa = XCConfigurationList;
			buildConfigurations = (
				DK000001 /* Debug */,
				DK000002 /* Release */,
			);
			defaultConfigurationIsVisible = 0;
			defaultConfigurationName = Release;
		};
/* End XCConfigurationList section */
	};
	rootObject = AI000001 /* Project object */;
}
